
Microsoft Visual Studio Solution File, Format Version 12.00
# Visual Studio Version 17
VisualStudioVersion = 17.4.33205.214
MinimumVisualStudioVersion = 10.0.40219.1
Project("{9A19103F-16F7-4668-BE54-9A1E7A4F7556}") = "Seq.App.SQLServerExporter", "Seq.App.SQLServerExporter\Seq.App.SQLServerExporter.csproj", "{69FF2271-F485-43A8-A6C3-28FC24F2EE0E}"
EndProject
Project("{2150E333-8FDC-42A3-9474-1A3956D46DE8}") = "Solution Items", "Solution Items", "{91EB2C4E-28D3-45BE-97AA-EB6E4D6C70FC}"
	ProjectSection(SolutionItems) = preProject
		License = License
		README.md = README.md
	EndProjectSection
EndProject
Global
	GlobalSection(SolutionConfigurationPlatforms) = preSolution
		Debug|Any CPU = Debug|Any CPU
		Release|Any CPU = Release|Any CPU
	EndGlobalSection
	GlobalSection(ProjectConfigurationPlatforms) = postSolution
		{69FF2271-F485-43A8-A6C3-28FC24F2EE0E}.Debug|Any CPU.ActiveCfg = Debug|Any CPU
		{69FF2271-F485-43A8-A6C3-28FC24F2EE0E}.Debug|Any CPU.Build.0 = Debug|Any CPU
		{69FF2271-F485-43A8-A6C3-28FC24F2EE0E}.Release|Any CPU.ActiveCfg = Release|Any CPU
		{69FF2271-F485-43A8-A6C3-28FC24F2EE0E}.Release|Any CPU.Build.0 = Release|Any CPU
	EndGlobalSection
	GlobalSection(SolutionProperties) = preSolution
		HideSolutionNode = FALSE
	EndGlobalSection
	GlobalSection(ExtensibilityGlobals) = postSolution
		SolutionGuid = {5B382881-D1E1-4C36-B3F6-9F008420556E}
	EndGlobalSection
EndGlobal
